
Microsoft Visual Studio Solution File, Format Version 12.00
# Visual Studio Version 16
VisualStudioVersion = 16.0.31729.503
MinimumVisualStudioVersion = 10.0.40219.1
Project("{FAE04EC0-301F-11D3-BF4B-00C04F79EFBC}") = "smo_project", "smo_project.csproj", "{D6CC32A1-CA3D-45B6-A0E0-FEB99CB58D8B}"
EndProject
Global
	GlobalSection(SolutionConfigurationPlatforms) = preSolution
		Debug|Any CPU = Debug|Any CPU
		Release|Any CPU = Release|Any CPU
	EndGlobalSection
	GlobalSection(ProjectConfigurationPlatforms) = postSolution
		{D6CC32A1-CA3D-45B6-A0E0-FEB99CB58D8B}.Debug|Any CPU.ActiveCfg = Debug|Any CPU
		{D6CC32A1-CA3D-45B6-A0E0-FEB99CB58D8B}.Debug|Any CPU.Build.0 = Debug|Any CPU
		{D6CC32A1-CA3D-45B6-A0E0-FEB99CB58D8B}.Release|Any CPU.ActiveCfg = Release|Any CPU
		{D6CC32A1-CA3D-45B6-A0E0-FEB99CB58D8B}.Release|Any CPU.Build.0 = Release|Any CPU
	EndGlobalSection
	GlobalSection(SolutionProperties) = preSolution
		HideSolutionNode = FALSE
	EndGlobalSection
	GlobalSection(ExtensibilityGlobals) = postSolution
		SolutionGuid = {5C51F56D-AF9E-4A2C-A2CF-99F65BAD0F51}
	EndGlobalSection
EndGlobal
